
Microsoft Visual Studio Solution File, Format Version 12.00
# Visual Studio Version 16
VisualStudioVersion = 16.0.29911.84
MinimumVisualStudioVersion = 10.0.40219.1
Project("{9A19103F-16F7-4668-BE54-9A1E7A4F7556}") = "Argo", "src\Argo\Argo.csproj", "{CC847160-3D7F-40F2-ADEF-3D0405A917DF}"
EndProject
Project("{9A19103F-16F7-4668-BE54-9A1E7A4F7556}") = "Argo.Tests", "src\Argo.Tests\Argo.Tests.csproj", "{E091A90B-979A-4DB2-8A33-B8DF43038741}"
EndProject
Project("{2150E333-8FDC-42A3-9474-1A3956D46DE8}") = "examples", "examples", "{6DA86559-EDEB-4915-9B07-F90463015FD9}"
EndProject
Project("{9A19103F-16F7-4668-BE54-9A1E7A4F7556}") = "SimpleServer", "examples\SimpleServer\SimpleServer.csproj", "{8D477258-489D-4334-A152-0550A34E7BFB}"
EndProject
Project("{9A19103F-16F7-4668-BE54-9A1E7A4F7556}") = "AdvancedServer", "examples\AdvancedServer\AdvancedServer.csproj", "{C212295E-BB02-4B63-8AF1-E5958E4D448F}"
EndProject
Project("{FAE04EC0-301F-11D3-BF4B-00C04F79EFBC}") = "AdvancedClient", "examples\AdvancedClient\AdvancedClient.csproj", "{108238A4-4404-47E0-AC26-AF55CE215549}"
EndProject
Global
	GlobalSection(SolutionConfigurationPlatforms) = preSolution
		Debug|Any CPU = Debug|Any CPU
		Release|Any CPU = Release|Any CPU
	EndGlobalSection
	GlobalSection(ProjectConfigurationPlatforms) = postSolution
		{CC847160-3D7F-40F2-ADEF-3D0405A917DF}.Debug|Any CPU.ActiveCfg = Debug|Any CPU
		{CC847160-3D7F-40F2-ADEF-3D0405A917DF}.Debug|Any CPU.Build.0 = Debug|Any CPU
		{CC847160-3D7F-40F2-ADEF-3D0405A917DF}.Release|Any CPU.ActiveCfg = Release|Any CPU
		{CC847160-3D7F-40F2-ADEF-3D0405A917DF}.Release|Any CPU.Build.0 = Release|Any CPU
		{E091A90B-979A-4DB2-8A33-B8DF43038741}.Debug|Any CPU.ActiveCfg = Debug|Any CPU
		{E091A90B-979A-4DB2-8A33-B8DF43038741}.Debug|Any CPU.Build.0 = Debug|Any CPU
		{E091A90B-979A-4DB2-8A33-B8DF43038741}.Release|Any CPU.ActiveCfg = Release|Any CPU
		{E091A90B-979A-4DB2-8A33-B8DF43038741}.Release|Any CPU.Build.0 = Release|Any CPU
		{8D477258-489D-4334-A152-0550A34E7BFB}.Debug|Any CPU.ActiveCfg = Debug|Any CPU
		{8D477258-489D-4334-A152-0550A34E7BFB}.Debug|Any CPU.Build.0 = Debug|Any CPU
		{8D477258-489D-4334-A152-0550A34E7BFB}.Release|Any CPU.ActiveCfg = Release|Any CPU
		{8D477258-489D-4334-A152-0550A34E7BFB}.Release|Any CPU.Build.0 = Release|Any CPU
		{C212295E-BB02-4B63-8AF1-E5958E4D448F}.Debug|Any CPU.ActiveCfg = Debug|Any CPU
		{C212295E-BB02-4B63-8AF1-E5958E4D448F}.Debug|Any CPU.Build.0 = Debug|Any CPU
		{C212295E-BB02-4B63-8AF1-E5958E4D448F}.Release|Any CPU.ActiveCfg = Release|Any CPU
		{C212295E-BB02-4B63-8AF1-E5958E4D448F}.Release|Any CPU.Build.0 = Release|Any CPU
		{108238A4-4404-47E0-AC26-AF55CE215549}.Debug|Any CPU.ActiveCfg = Debug|Any CPU
		{108238A4-4404-47E0-AC26-AF55CE215549}.Debug|Any CPU.Build.0 = Debug|Any CPU
		{108238A4-4404-47E0-AC26-AF55CE215549}.Release|Any CPU.ActiveCfg = Release|Any CPU
		{108238A4-4404-47E0-AC26-AF55CE215549}.Release|Any CPU.Build.0 = Release|Any CPU
	EndGlobalSection
	GlobalSection(SolutionProperties) = preSolution
		HideSolutionNode = FALSE
	EndGlobalSection
	GlobalSection(NestedProjects) = preSolution
		{8D477258-489D-4334-A152-0550A34E7BFB} = {6DA86559-EDEB-4915-9B07-F90463015FD9}
		{C212295E-BB02-4B63-8AF1-E5958E4D448F} = {6DA86559-EDEB-4915-9B07-F90463015FD9}
		{108238A4-4404-47E0-AC26-AF55CE215549} = {6DA86559-EDEB-4915-9B07-F90463015FD9}
	EndGlobalSection
	GlobalSection(ExtensibilityGlobals) = postSolution
		SolutionGuid = {FD6BB7E5-0E85-4F49-950F-3AEA7989FEE7}
	EndGlobalSection
EndGlobal
